
Microsoft Visual Studio Solution File, Format Version 12.00
# Visual Studio 2013
VisualStudioVersion = 12.0.30501.0
MinimumVisualStudioVersion = 10.0.40219.1
Project("{FAE04EC0-301F-11D3-BF4B-00C04F79EFBC}") = "KeepFit.Core.Domain", "KeepFit.Core.Domain\KeepFit.Core.Domain.csproj", "{F65F8D33-885E-4CC1-AFB4-13D35BFCB703}"
EndProject
Project("{FAE04EC0-301F-11D3-BF4B-00C04F79EFBC}") = "KeepFit.Core", "KeepFit.Core\KeepFit.Core.csproj", "{094006E8-9020-4DBF-877F-875BB52CECE3}"
EndProject
Project("{FAE04EC0-301F-11D3-BF4B-00C04F79EFBC}") = "KeepFit.Web", "KeepFit.Web\KeepFit.Web.csproj", "{B5FE89E9-3E29-4201-B105-D35717717F5E}"
EndProject
Project("{FAE04EC0-301F-11D3-BF4B-00C04F79EFBC}") = "KeepFit.Web.Identity", "KeepFit.Web.Identity\KeepFit.Web.Identity.csproj", "{330E1C99-8456-421E-8558-A7B1B6BF2706}"
EndProject
Project("{FAE04EC0-301F-11D3-BF4B-00C04F79EFBC}") = "WebApiAuth", "WebApiAuth\WebApiAuth.csproj", "{D342FDB3-32D8-4B69-98EF-92B34D4AFE48}"
EndProject
Project("{FAE04EC0-301F-11D3-BF4B-00C04F79EFBC}") = "KeepFit.Phone", "KeepFit.Phone\KeepFit.Phone.csproj", "{2238A96A-5F2F-4809-B395-513B07ED66A4}"
EndProject
Global
	GlobalSection(SolutionConfigurationPlatforms) = preSolution
		Debug|Any CPU = Debug|Any CPU
		Debug|ARM = Debug|ARM
		Debug|x64 = Debug|x64
		Debug|x86 = Debug|x86
		Release|Any CPU = Release|Any CPU
		Release|ARM = Release|ARM
		Release|x64 = Release|x64
		Release|x86 = Release|x86
	EndGlobalSection
	GlobalSection(ProjectConfigurationPlatforms) = postSolution
		{F65F8D33-885E-4CC1-AFB4-13D35BFCB703}.Debug|Any CPU.ActiveCfg = Debug|Any CPU
		{F65F8D33-885E-4CC1-AFB4-13D35BFCB703}.Debug|Any CPU.Build.0 = Debug|Any CPU
		{F65F8D33-885E-4CC1-AFB4-13D35BFCB703}.Debug|ARM.ActiveCfg = Debug|Any CPU
		{F65F8D33-885E-4CC1-AFB4-13D35BFCB703}.Debug|x64.ActiveCfg = Debug|Any CPU
		{F65F8D33-885E-4CC1-AFB4-13D35BFCB703}.Debug|x86.ActiveCfg = Debug|Any CPU
		{F65F8D33-885E-4CC1-AFB4-13D35BFCB703}.Release|Any CPU.ActiveCfg = Release|Any CPU
		{F65F8D33-885E-4CC1-AFB4-13D35BFCB703}.Release|Any CPU.Build.0 = Release|Any CPU
		{F65F8D33-885E-4CC1-AFB4-13D35BFCB703}.Release|ARM.ActiveCfg = Release|Any CPU
		{F65F8D33-885E-4CC1-AFB4-13D35BFCB703}.Release|x64.ActiveCfg = Release|Any CPU
		{F65F8D33-885E-4CC1-AFB4-13D35BFCB703}.Release|x86.ActiveCfg = Release|Any CPU
		{094006E8-9020-4DBF-877F-875BB52CECE3}.Debug|Any CPU.ActiveCfg = Debug|Any CPU
		{094006E8-9020-4DBF-877F-875BB52CECE3}.Debug|Any CPU.Build.0 = Debug|Any CPU
		{094006E8-9020-4DBF-877F-875BB52CECE3}.Debug|ARM.ActiveCfg = Debug|Any CPU
		{094006E8-9020-4DBF-877F-875BB52CECE3}.Debug|x64.ActiveCfg = Debug|Any CPU
		{094006E8-9020-4DBF-877F-875BB52CECE3}.Debug|x86.ActiveCfg = Debug|Any CPU
		{094006E8-9020-4DBF-877F-875BB52CECE3}.Release|Any CPU.ActiveCfg = Release|Any CPU
		{094006E8-9020-4DBF-877F-875BB52CECE3}.Release|Any CPU.Build.0 = Release|Any CPU
		{094006E8-9020-4DBF-877F-875BB52CECE3}.Release|ARM.ActiveCfg = Release|Any CPU
		{094006E8-9020-4DBF-877F-875BB52CECE3}.Release|x64.ActiveCfg = Release|Any CPU
		{094006E8-9020-4DBF-877F-875BB52CECE3}.Release|x86.ActiveCfg = Release|Any CPU
		{B5FE89E9-3E29-4201-B105-D35717717F5E}.Debug|Any CPU.ActiveCfg = Debug|Any CPU
		{B5FE89E9-3E29-4201-B105-D35717717F5E}.Debug|Any CPU.Build.0 = Debug|Any CPU
		{B5FE89E9-3E29-4201-B105-D35717717F5E}.Debug|ARM.ActiveCfg = Debug|Any CPU
		{B5FE89E9-3E29-4201-B105-D35717717F5E}.Debug|x64.ActiveCfg = Debug|Any CPU
		{B5FE89E9-3E29-4201-B105-D35717717F5E}.Debug|x86.ActiveCfg = Debug|Any CPU
		{B5FE89E9-3E29-4201-B105-D35717717F5E}.Release|Any CPU.ActiveCfg = Release|Any CPU
		{B5FE89E9-3E29-4201-B105-D35717717F5E}.Release|Any CPU.Build.0 = Release|Any CPU
		{B5FE89E9-3E29-4201-B105-D35717717F5E}.Release|ARM.ActiveCfg = Release|Any CPU
		{B5FE89E9-3E29-4201-B105-D35717717F5E}.Release|x64.ActiveCfg = Release|Any CPU
		{B5FE89E9-3E29-4201-B105-D35717717F5E}.Release|x86.ActiveCfg = Release|Any CPU
		{330E1C99-8456-421E-8558-A7B1B6BF2706}.Debug|Any CPU.ActiveCfg = Debug|Any CPU
		{330E1C99-8456-421E-8558-A7B1B6BF2706}.Debug|Any CPU.Build.0 = Debug|Any CPU
		{330E1C99-8456-421E-8558-A7B1B6BF2706}.Debug|ARM.ActiveCfg = Debug|Any CPU
		{330E1C99-8456-421E-8558-A7B1B6BF2706}.Debug|x64.ActiveCfg = Debug|Any CPU
		{330E1C99-8456-421E-8558-A7B1B6BF2706}.Debug|x86.ActiveCfg = Debug|Any CPU
		{330E1C99-8456-421E-8558-A7B1B6BF2706}.Release|Any CPU.ActiveCfg = Release|Any CPU
		{330E1C99-8456-421E-8558-A7B1B6BF2706}.Release|Any CPU.Build.0 = Release|Any CPU
		{330E1C99-8456-421E-8558-A7B1B6BF2706}.Release|ARM.ActiveCfg = Release|Any CPU
		{330E1C99-8456-421E-8558-A7B1B6BF2706}.Release|x64.ActiveCfg = Release|Any CPU
		{330E1C99-8456-421E-8558-A7B1B6BF2706}.Release|x86.ActiveCfg = Release|Any CPU
		{D342FDB3-32D8-4B69-98EF-92B34D4AFE48}.Debug|Any CPU.ActiveCfg = Debug|Any CPU
		{D342FDB3-32D8-4B69-98EF-92B34D4AFE48}.Debug|Any CPU.Build.0 = Debug|Any CPU
		{D342FDB3-32D8-4B69-98EF-92B34D4AFE48}.Debug|ARM.ActiveCfg = Debug|Any CPU
		{D342FDB3-32D8-4B69-98EF-92B34D4AFE48}.Debug|x64.ActiveCfg = Debug|Any CPU
		{D342FDB3-32D8-4B69-98EF-92B34D4AFE48}.Debug|x86.ActiveCfg = Debug|Any CPU
		{D342FDB3-32D8-4B69-98EF-92B34D4AFE48}.Release|Any CPU.ActiveCfg = Release|Any CPU
		{D342FDB3-32D8-4B69-98EF-92B34D4AFE48}.Release|Any CPU.Build.0 = Release|Any CPU
		{D342FDB3-32D8-4B69-98EF-92B34D4AFE48}.Release|ARM.ActiveCfg = Release|Any CPU
		{D342FDB3-32D8-4B69-98EF-92B34D4AFE48}.Release|x64.ActiveCfg = Release|Any CPU
		{D342FDB3-32D8-4B69-98EF-92B34D4AFE48}.Release|x86.ActiveCfg = Release|Any CPU
		{2238A96A-5F2F-4809-B395-513B07ED66A4}.Debug|Any CPU.ActiveCfg = Debug|Any CPU
		{2238A96A-5F2F-4809-B395-513B07ED66A4}.Debug|Any CPU.Build.0 = Debug|Any CPU
		{2238A96A-5F2F-4809-B395-513B07ED66A4}.Debug|Any CPU.Deploy.0 = Debug|Any CPU
		{2238A96A-5F2F-4809-B395-513B07ED66A4}.Debug|ARM.ActiveCfg = Debug|ARM
		{2238A96A-5F2F-4809-B395-513B07ED66A4}.Debug|ARM.Build.0 = Debug|ARM
		{2238A96A-5F2F-4809-B395-513B07ED66A4}.Debug|ARM.Deploy.0 = Debug|ARM
		{2238A96A-5F2F-4809-B395-513B07ED66A4}.Debug|x64.ActiveCfg = Debug|Any CPU
		{2238A96A-5F2F-4809-B395-513B07ED66A4}.Debug|x86.ActiveCfg = Debug|x86
		{2238A96A-5F2F-4809-B395-513B07ED66A4}.Debug|x86.Build.0 = Debug|x86
		{2238A96A-5F2F-4809-B395-513B07ED66A4}.Debug|x86.Deploy.0 = Debug|x86
		{2238A96A-5F2F-4809-B395-513B07ED66A4}.Release|Any CPU.ActiveCfg = Release|Any CPU
		{2238A96A-5F2F-4809-B395-513B07ED66A4}.Release|Any CPU.Build.0 = Release|Any CPU
		{2238A96A-5F2F-4809-B395-513B07ED66A4}.Release|Any CPU.Deploy.0 = Release|Any CPU
		{2238A96A-5F2F-4809-B395-513B07ED66A4}.Release|ARM.ActiveCfg = Release|ARM
		{2238A96A-5F2F-4809-B395-513B07ED66A4}.Release|ARM.Build.0 = Release|ARM
		{2238A96A-5F2F-4809-B395-513B07ED66A4}.Release|ARM.Deploy.0 = Release|ARM
		{2238A96A-5F2F-4809-B395-513B07ED66A4}.Release|x64.ActiveCfg = Release|Any CPU
		{2238A96A-5F2F-4809-B395-513B07ED66A4}.Release|x86.ActiveCfg = Release|x86
		{2238A96A-5F2F-4809-B395-513B07ED66A4}.Release|x86.Build.0 = Release|x86
		{2238A96A-5F2F-4809-B395-513B07ED66A4}.Release|x86.Deploy.0 = Release|x86
	EndGlobalSection
	GlobalSection(SolutionProperties) = preSolution
		HideSolutionNode = FALSE
	EndGlobalSection
	GlobalSection(ExtensibilityGlobals) = postSolution
		EnterpriseLibraryConfigurationToolBinariesPathV6 = packages\EnterpriseLibrary.Common.6.0.1304.0\lib\NET45;packages\EnterpriseLibrary.Logging.6.0.1304.0\lib\NET45;packages\EnterpriseLibrary.Data.6.0.1304.0\lib\NET45;packages\EnterpriseLibrary.ExceptionHandling.6.0.1304.0\lib\NET45;packages\EnterpriseLibrary.Validation.6.0.1304.0\lib\NET45
	EndGlobalSection
EndGlobal
