
Microsoft Visual Studio Solution File, Format Version 12.00
# Visual Studio 2013
VisualStudioVersion = 12.0.21005.1
MinimumVisualStudioVersion = 10.0.40219.1
Project("{FAE04EC0-301F-11D3-BF4B-00C04F79EFBC}") = "KeepFit.Core", "KeepFit.Core\KeepFit.Core.csproj", "{17EE51E6-6339-47B6-9711-7C70EEEF1206}"
EndProject
Project("{FAE04EC0-301F-11D3-BF4B-00C04F79EFBC}") = "KeepFit.Core.Domain", "KeepFit.Core.Domain\KeepFit.Core.Domain.csproj", "{F65F8D33-885E-4CC1-AFB4-13D35BFCB703}"
EndProject
Project("{FAE04EC0-301F-11D3-BF4B-00C04F79EFBC}") = "KeepFit.Phone", "KeepFit.Phone\KeepFit.Phone.csproj", "{ACCF1F31-29D8-434D-8DD6-22F6ABE1D363}"
EndProject
Project("{FAE04EC0-301F-11D3-BF4B-00C04F79EFBC}") = "KeepFit.Web", "KeepFit.Web\KeepFit.Web.csproj", "{FA177B01-1A36-4E47-9290-50077D9799CC}"
EndProject
Project("{FAE04EC0-301F-11D3-BF4B-00C04F79EFBC}") = "KeepFit.WP", "KeepFit.WP\KeepFit.WP.csproj", "{4CDCFD71-01FD-45B2-96CD-38C288E19DBD}"
EndProject
Global
	GlobalSection(SolutionConfigurationPlatforms) = preSolution
		Debug|Any CPU = Debug|Any CPU
		Debug|ARM = Debug|ARM
		Debug|x86 = Debug|x86
		Release|Any CPU = Release|Any CPU
		Release|ARM = Release|ARM
		Release|x86 = Release|x86
	EndGlobalSection
	GlobalSection(ProjectConfigurationPlatforms) = postSolution
		{17EE51E6-6339-47B6-9711-7C70EEEF1206}.Debug|Any CPU.ActiveCfg = Debug|Any CPU
		{17EE51E6-6339-47B6-9711-7C70EEEF1206}.Debug|Any CPU.Build.0 = Debug|Any CPU
		{17EE51E6-6339-47B6-9711-7C70EEEF1206}.Debug|ARM.ActiveCfg = Debug|Any CPU
		{17EE51E6-6339-47B6-9711-7C70EEEF1206}.Debug|x86.ActiveCfg = Debug|Any CPU
		{17EE51E6-6339-47B6-9711-7C70EEEF1206}.Release|Any CPU.ActiveCfg = Release|Any CPU
		{17EE51E6-6339-47B6-9711-7C70EEEF1206}.Release|Any CPU.Build.0 = Release|Any CPU
		{17EE51E6-6339-47B6-9711-7C70EEEF1206}.Release|ARM.ActiveCfg = Release|Any CPU
		{17EE51E6-6339-47B6-9711-7C70EEEF1206}.Release|x86.ActiveCfg = Release|Any CPU
		{F65F8D33-885E-4CC1-AFB4-13D35BFCB703}.Debug|Any CPU.ActiveCfg = Debug|Any CPU
		{F65F8D33-885E-4CC1-AFB4-13D35BFCB703}.Debug|Any CPU.Build.0 = Debug|Any CPU
		{F65F8D33-885E-4CC1-AFB4-13D35BFCB703}.Debug|ARM.ActiveCfg = Debug|Any CPU
		{F65F8D33-885E-4CC1-AFB4-13D35BFCB703}.Debug|x86.ActiveCfg = Debug|Any CPU
		{F65F8D33-885E-4CC1-AFB4-13D35BFCB703}.Release|Any CPU.ActiveCfg = Release|Any CPU
		{F65F8D33-885E-4CC1-AFB4-13D35BFCB703}.Release|Any CPU.Build.0 = Release|Any CPU
		{F65F8D33-885E-4CC1-AFB4-13D35BFCB703}.Release|ARM.ActiveCfg = Release|Any CPU
		{F65F8D33-885E-4CC1-AFB4-13D35BFCB703}.Release|x86.ActiveCfg = Release|Any CPU
		{ACCF1F31-29D8-434D-8DD6-22F6ABE1D363}.Debug|Any CPU.ActiveCfg = Debug|Any CPU
		{ACCF1F31-29D8-434D-8DD6-22F6ABE1D363}.Debug|Any CPU.Build.0 = Debug|Any CPU
		{ACCF1F31-29D8-434D-8DD6-22F6ABE1D363}.Debug|Any CPU.Deploy.0 = Debug|Any CPU
		{ACCF1F31-29D8-434D-8DD6-22F6ABE1D363}.Debug|ARM.ActiveCfg = Debug|ARM
		{ACCF1F31-29D8-434D-8DD6-22F6ABE1D363}.Debug|ARM.Build.0 = Debug|ARM
		{ACCF1F31-29D8-434D-8DD6-22F6ABE1D363}.Debug|ARM.Deploy.0 = Debug|ARM
		{ACCF1F31-29D8-434D-8DD6-22F6ABE1D363}.Debug|x86.ActiveCfg = Debug|x86
		{ACCF1F31-29D8-434D-8DD6-22F6ABE1D363}.Debug|x86.Build.0 = Debug|x86
		{ACCF1F31-29D8-434D-8DD6-22F6ABE1D363}.Debug|x86.Deploy.0 = Debug|x86
		{ACCF1F31-29D8-434D-8DD6-22F6ABE1D363}.Release|Any CPU.ActiveCfg = Release|Any CPU
		{ACCF1F31-29D8-434D-8DD6-22F6ABE1D363}.Release|Any CPU.Build.0 = Release|Any CPU
		{ACCF1F31-29D8-434D-8DD6-22F6ABE1D363}.Release|Any CPU.Deploy.0 = Release|Any CPU
		{ACCF1F31-29D8-434D-8DD6-22F6ABE1D363}.Release|ARM.ActiveCfg = Release|ARM
		{ACCF1F31-29D8-434D-8DD6-22F6ABE1D363}.Release|ARM.Build.0 = Release|ARM
		{ACCF1F31-29D8-434D-8DD6-22F6ABE1D363}.Release|ARM.Deploy.0 = Release|ARM
		{ACCF1F31-29D8-434D-8DD6-22F6ABE1D363}.Release|x86.ActiveCfg = Release|x86
		{ACCF1F31-29D8-434D-8DD6-22F6ABE1D363}.Release|x86.Build.0 = Release|x86
		{ACCF1F31-29D8-434D-8DD6-22F6ABE1D363}.Release|x86.Deploy.0 = Release|x86
		{FA177B01-1A36-4E47-9290-50077D9799CC}.Debug|Any CPU.ActiveCfg = Debug|Any CPU
		{FA177B01-1A36-4E47-9290-50077D9799CC}.Debug|Any CPU.Build.0 = Debug|Any CPU
		{FA177B01-1A36-4E47-9290-50077D9799CC}.Debug|ARM.ActiveCfg = Debug|Any CPU
		{FA177B01-1A36-4E47-9290-50077D9799CC}.Debug|x86.ActiveCfg = Debug|Any CPU
		{FA177B01-1A36-4E47-9290-50077D9799CC}.Release|Any CPU.ActiveCfg = Release|Any CPU
		{FA177B01-1A36-4E47-9290-50077D9799CC}.Release|Any CPU.Build.0 = Release|Any CPU
		{FA177B01-1A36-4E47-9290-50077D9799CC}.Release|ARM.ActiveCfg = Release|Any CPU
		{FA177B01-1A36-4E47-9290-50077D9799CC}.Release|x86.ActiveCfg = Release|Any CPU
		{4CDCFD71-01FD-45B2-96CD-38C288E19DBD}.Debug|Any CPU.ActiveCfg = Debug|Any CPU
		{4CDCFD71-01FD-45B2-96CD-38C288E19DBD}.Debug|Any CPU.Build.0 = Debug|Any CPU
		{4CDCFD71-01FD-45B2-96CD-38C288E19DBD}.Debug|Any CPU.Deploy.0 = Debug|Any CPU
		{4CDCFD71-01FD-45B2-96CD-38C288E19DBD}.Debug|ARM.ActiveCfg = Debug|ARM
		{4CDCFD71-01FD-45B2-96CD-38C288E19DBD}.Debug|ARM.Build.0 = Debug|ARM
		{4CDCFD71-01FD-45B2-96CD-38C288E19DBD}.Debug|ARM.Deploy.0 = Debug|ARM
		{4CDCFD71-01FD-45B2-96CD-38C288E19DBD}.Debug|x86.ActiveCfg = Debug|x86
		{4CDCFD71-01FD-45B2-96CD-38C288E19DBD}.Debug|x86.Build.0 = Debug|x86
		{4CDCFD71-01FD-45B2-96CD-38C288E19DBD}.Debug|x86.Deploy.0 = Debug|x86
		{4CDCFD71-01FD-45B2-96CD-38C288E19DBD}.Release|Any CPU.ActiveCfg = Release|Any CPU
		{4CDCFD71-01FD-45B2-96CD-38C288E19DBD}.Release|Any CPU.Build.0 = Release|Any CPU
		{4CDCFD71-01FD-45B2-96CD-38C288E19DBD}.Release|Any CPU.Deploy.0 = Release|Any CPU
		{4CDCFD71-01FD-45B2-96CD-38C288E19DBD}.Release|ARM.ActiveCfg = Release|ARM
		{4CDCFD71-01FD-45B2-96CD-38C288E19DBD}.Release|ARM.Build.0 = Release|ARM
		{4CDCFD71-01FD-45B2-96CD-38C288E19DBD}.Release|ARM.Deploy.0 = Release|ARM
		{4CDCFD71-01FD-45B2-96CD-38C288E19DBD}.Release|x86.ActiveCfg = Release|x86
		{4CDCFD71-01FD-45B2-96CD-38C288E19DBD}.Release|x86.Build.0 = Release|x86
		{4CDCFD71-01FD-45B2-96CD-38C288E19DBD}.Release|x86.Deploy.0 = Release|x86
	EndGlobalSection
	GlobalSection(SolutionProperties) = preSolution
		HideSolutionNode = FALSE
	EndGlobalSection
EndGlobal
